// !$*UTF8*$!
{
	archiveVersion = 1;
	classes = {
	};
	objectVersion = 55;
	objects = {

/* Begin PBXBuildFile section */
		2A995D954268CD0177FBC9D1 /* Pods_FinalProject.framework in Frameworks */ = {isa = PBXBuildFile; fileRef = 4A06F9C2ECCB951F9D9071DF /* Pods_FinalProject.framework */; };
		5A33465E2771FBF7002E29E1 /* AthkarVC.swift in Sources */ = {isa = PBXBuildFile; fileRef = 5A33465D2771FBF7002E29E1 /* AthkarVC.swift */; };
		5A3B8D12277B95F300F6D545 /* quran.json in Resources */ = {isa = PBXBuildFile; fileRef = 5A3B8D11277B95F300F6D545 /* quran.json */; };
		5A3B8D15277B978000F6D545 /* Quran.swift in Sources */ = {isa = PBXBuildFile; fileRef = 5A3B8D14277B978000F6D545 /* Quran.swift */; };
		5A3B8D17277B985700F6D545 /* QuranVC.swift in Sources */ = {isa = PBXBuildFile; fileRef = 5A3B8D16277B985700F6D545 /* QuranVC.swift */; };
		5A3B8D1A277B989800F6D545 /* QuranCollectionCell.swift in Sources */ = {isa = PBXBuildFile; fileRef = 5A3B8D18277B989800F6D545 /* QuranCollectionCell.swift */; };
		5A3B8D1B277B989800F6D545 /* QuranCollectionCell.xib in Resources */ = {isa = PBXBuildFile; fileRef = 5A3B8D19277B989800F6D545 /* QuranCollectionCell.xib */; };
		5A3B8D1D277C5AB100F6D545 /* Athkar.swift in Sources */ = {isa = PBXBuildFile; fileRef = 5A3B8D1C277C5AB100F6D545 /* Athkar.swift */; };
		5A3B8D1F277F7B7C00F6D545 /* Quran.pdf in Resources */ = {isa = PBXBuildFile; fileRef = 5A3B8D1E277F7B7B00F6D545 /* Quran.pdf */; };
		5A3B8D23277F7D4000F6D545 /* QuranPageVC.swift in Sources */ = {isa = PBXBuildFile; fileRef = 5A3B8D22277F7D4000F6D545 /* QuranPageVC.swift */; };
		5A7DDF1327652E32005B9059 /* AppDelegate.swift in Sources */ = {isa = PBXBuildFile; fileRef = 5A7DDF1227652E32005B9059 /* AppDelegate.swift */; };
		5A7DDF1527652E32005B9059 /* SceneDelegate.swift in Sources */ = {isa = PBXBuildFile; fileRef = 5A7DDF1427652E32005B9059 /* SceneDelegate.swift */; };
		5A7DDF1727652E32005B9059 /* ViewController.swift in Sources */ = {isa = PBXBuildFile; fileRef = 5A7DDF1627652E32005B9059 /* ViewController.swift */; };
		5A7DDF1A27652E32005B9059 /* Main.storyboard in Resources */ = {isa = PBXBuildFile; fileRef = 5A7DDF1827652E32005B9059 /* Main.storyboard */; };
		5A7DDF1C27652E35005B9059 /* Assets.xcassets in Resources */ = {isa = PBXBuildFile; fileRef = 5A7DDF1B27652E35005B9059 /* Assets.xcassets */; };
		5A7DDF1F27652E35005B9059 /* LaunchScreen.storyboard in Resources */ = {isa = PBXBuildFile; fileRef = 5A7DDF1D27652E35005B9059 /* LaunchScreen.storyboard */; };
		5A7DDF2F27660FCB005B9059 /* AthkarTableVC.swift in Sources */ = {isa = PBXBuildFile; fileRef = 5A7DDF2E27660FCB005B9059 /* AthkarTableVC.swift */; };
		5A7DDF3227661000005B9059 /* AthkarCustomCell.swift in Sources */ = {isa = PBXBuildFile; fileRef = 5A7DDF3027661000005B9059 /* AthkarCustomCell.swift */; };
		5A7DDF3327661000005B9059 /* AthkarCustomCell.xib in Resources */ = {isa = PBXBuildFile; fileRef = 5A7DDF3127661000005B9059 /* AthkarCustomCell.xib */; };
		5A7DDF5B27670771005B9059 /* GoogleService-Info.plist in Resources */ = {isa = PBXBuildFile; fileRef = 5A7DDF5A27670771005B9059 /* GoogleService-Info.plist */; };
		5A7DDF5E27670ECF005B9059 /* FirebaseAnalytics in Frameworks */ = {isa = PBXBuildFile; productRef = 5A7DDF5D27670ECF005B9059 /* FirebaseAnalytics */; };
		5A7DDF6027670ECF005B9059 /* FirebaseAnalyticsSwift-Beta in Frameworks */ = {isa = PBXBuildFile; productRef = 5A7DDF5F27670ECF005B9059 /* FirebaseAnalyticsSwift-Beta */; };
		5A7DDF6227670ECF005B9059 /* FirebaseAuth in Frameworks */ = {isa = PBXBuildFile; productRef = 5A7DDF6127670ECF005B9059 /* FirebaseAuth */; };
		5A7DDF6427670ECF005B9059 /* FirebaseCrashlytics in Frameworks */ = {isa = PBXBuildFile; productRef = 5A7DDF6327670ECF005B9059 /* FirebaseCrashlytics */; };
		5A7DDF6627670ECF005B9059 /* FirebaseDatabase in Frameworks */ = {isa = PBXBuildFile; productRef = 5A7DDF6527670ECF005B9059 /* FirebaseDatabase */; };
		5A7DDF6827670ECF005B9059 /* FirebaseDatabaseSwift-Beta in Frameworks */ = {isa = PBXBuildFile; productRef = 5A7DDF6727670ECF005B9059 /* FirebaseDatabaseSwift-Beta */; };
		5A7DDF6A27670ECF005B9059 /* FirebaseFirestore in Frameworks */ = {isa = PBXBuildFile; productRef = 5A7DDF6927670ECF005B9059 /* FirebaseFirestore */; };
		5A7DDF6C27672BC6005B9059 /* UserSignUp.swift in Sources */ = {isa = PBXBuildFile; fileRef = 5A7DDF6B27672BC6005B9059 /* UserSignUp.swift */; };
		5A7DDF6E27672BEF005B9059 /* UserLogin.swift in Sources */ = {isa = PBXBuildFile; fileRef = 5A7DDF6D27672BEF005B9059 /* UserLogin.swift */; };
		5A7DDF702768C0C5005B9059 /* Sebha.swift in Sources */ = {isa = PBXBuildFile; fileRef = 5A7DDF6F2768C0C5005B9059 /* Sebha.swift */; };
		5A874EB2276B32CE0094913E /* AthkaryVC.swift in Sources */ = {isa = PBXBuildFile; fileRef = 5A874EB1276B32CE0094913E /* AthkaryVC.swift */; };
		5A9CCD3C276D11B6001989D6 /* NavigationLogin.swift in Sources */ = {isa = PBXBuildFile; fileRef = 5A9CCD3B276D11B5001989D6 /* NavigationLogin.swift */; };
		5A9CCD40276DFFDD001989D6 /* TabBar.swift in Sources */ = {isa = PBXBuildFile; fileRef = 5A9CCD3F276DFFDD001989D6 /* TabBar.swift */; };
		5A9CCD44276F1A1D001989D6 /* AddAthkar.swift in Sources */ = {isa = PBXBuildFile; fileRef = 5A9CCD43276F1A1C001989D6 /* AddAthkar.swift */; };
		5A9CCD46276F1BC9001989D6 /* AthkarOfTheUser.swift in Sources */ = {isa = PBXBuildFile; fileRef = 5A9CCD45276F1BC9001989D6 /* AthkarOfTheUser.swift */; };
		5A9CCD69276F4459001989D6 /* AthkarOfTheUserCell.swift in Sources */ = {isa = PBXBuildFile; fileRef = 5A9CCD67276F4459001989D6 /* AthkarOfTheUserCell.swift */; };
		5A9CCD6A276F4459001989D6 /* AthkarOfTheUserCell.xib in Resources */ = {isa = PBXBuildFile; fileRef = 5A9CCD68276F4459001989D6 /* AthkarOfTheUserCell.xib */; };
		5A9CCD6C27707B4A001989D6 /* quran.swift in Sources */ = {isa = PBXBuildFile; fileRef = 5A9CCD6B27707B4A001989D6 /* quran.swift */; };
		5ACB04DA2776076A00333C0F /* AthkarCollectionPage.swift in Sources */ = {isa = PBXBuildFile; fileRef = 5ACB04D82776076A00333C0F /* AthkarCollectionPage.swift */; };
		5ACB04DB2776076A00333C0F /* AthkarCollectionPage.xib in Resources */ = {isa = PBXBuildFile; fileRef = 5ACB04D92776076A00333C0F /* AthkarCollectionPage.xib */; };
		5ACB04DD2776106B00333C0F /* AthkarCollectionVC.swift in Sources */ = {isa = PBXBuildFile; fileRef = 5ACB04DC2776106B00333C0F /* AthkarCollectionVC.swift */; };
		5ACB04DF27778F4800333C0F /* FirstPage.swift in Sources */ = {isa = PBXBuildFile; fileRef = 5ACB04DE27778F4800333C0F /* FirstPage.swift */; };
/* End PBXBuildFile section */

/* Begin PBXFileReference section */
		22A450E12899B8524CD24256 /* Pods-FinalProject.debug.xcconfig */ = {isa = PBXFileReference; includeInIndex = 1; lastKnownFileType = text.xcconfig; name = "Pods-FinalProject.debug.xcconfig"; path = "Target Support Files/Pods-FinalProject/Pods-FinalProject.debug.xcconfig"; sourceTree = "<group>"; };
		4A06F9C2ECCB951F9D9071DF /* Pods_FinalProject.framework */ = {isa = PBXFileReference; explicitFileType = wrapper.framework; includeInIndex = 0; path = Pods_FinalProject.framework; sourceTree = BUILT_PRODUCTS_DIR; };
		5A33465D2771FBF7002E29E1 /* AthkarVC.swift */ = {isa = PBXFileReference; lastKnownFileType = sourcecode.swift; path = AthkarVC.swift; sourceTree = "<group>"; };
		5A3B8D11277B95F300F6D545 /* quran.json */ = {isa = PBXFileReference; fileEncoding = 4; lastKnownFileType = text.json; path = quran.json; sourceTree = "<group>"; };
		5A3B8D14277B978000F6D545 /* Quran.swift */ = {isa = PBXFileReference; lastKnownFileType = sourcecode.swift; path = Quran.swift; sourceTree = "<group>"; };
		5A3B8D16277B985700F6D545 /* QuranVC.swift */ = {isa = PBXFileReference; lastKnownFileType = sourcecode.swift; path = QuranVC.swift; sourceTree = "<group>"; };
		5A3B8D18277B989800F6D545 /* QuranCollectionCell.swift */ = {isa = PBXFileReference; lastKnownFileType = sourcecode.swift; path = QuranCollectionCell.swift; sourceTree = "<group>"; };
		5A3B8D19277B989800F6D545 /* QuranCollectionCell.xib */ = {isa = PBXFileReference; lastKnownFileType = file.xib; path = QuranCollectionCell.xib; sourceTree = "<group>"; };
		5A3B8D1C277C5AB100F6D545 /* Athkar.swift */ = {isa = PBXFileReference; lastKnownFileType = sourcecode.swift; path = Athkar.swift; sourceTree = "<group>"; };
		5A3B8D1E277F7B7B00F6D545 /* Quran.pdf */ = {isa = PBXFileReference; lastKnownFileType = image.pdf; path = Quran.pdf; sourceTree = "<group>"; };
		5A3B8D22277F7D4000F6D545 /* QuranPageVC.swift */ = {isa = PBXFileReference; lastKnownFileType = sourcecode.swift; path = QuranPageVC.swift; sourceTree = "<group>"; };
		5A7DDF0F27652E32005B9059 /* FinalProject.app */ = {isa = PBXFileReference; explicitFileType = wrapper.application; includeInIndex = 0; path = FinalProject.app; sourceTree = BUILT_PRODUCTS_DIR; };
		5A7DDF1227652E32005B9059 /* AppDelegate.swift */ = {isa = PBXFileReference; lastKnownFileType = sourcecode.swift; path = AppDelegate.swift; sourceTree = "<group>"; };
		5A7DDF1427652E32005B9059 /* SceneDelegate.swift */ = {isa = PBXFileReference; lastKnownFileType = sourcecode.swift; path = SceneDelegate.swift; sourceTree = "<group>"; };
		5A7DDF1627652E32005B9059 /* ViewController.swift */ = {isa = PBXFileReference; lastKnownFileType = sourcecode.swift; path = ViewController.swift; sourceTree = "<group>"; };
		5A7DDF1927652E32005B9059 /* Base */ = {isa = PBXFileReference; lastKnownFileType = file.storyboard; name = Base; path = Base.lproj/Main.storyboard; sourceTree = "<group>"; };
		5A7DDF1B27652E35005B9059 /* Assets.xcassets */ = {isa = PBXFileReference; lastKnownFileType = folder.assetcatalog; path = Assets.xcassets; sourceTree = "<group>"; };
		5A7DDF1E27652E35005B9059 /* Base */ = {isa = PBXFileReference; lastKnownFileType = file.storyboard; name = Base; path = Base.lproj/LaunchScreen.storyboard; sourceTree = "<group>"; };
		5A7DDF2027652E35005B9059 /* Info.plist */ = {isa = PBXFileReference; lastKnownFileType = text.plist.xml; path = Info.plist; sourceTree = "<group>"; };
		5A7DDF2E27660FCB005B9059 /* AthkarTableVC.swift */ = {isa = PBXFileReference; lastKnownFileType = sourcecode.swift; path = AthkarTableVC.swift; sourceTree = "<group>"; };
		5A7DDF3027661000005B9059 /* AthkarCustomCell.swift */ = {isa = PBXFileReference; lastKnownFileType = sourcecode.swift; path = AthkarCustomCell.swift; sourceTree = "<group>"; };
		5A7DDF3127661000005B9059 /* AthkarCustomCell.xib */ = {isa = PBXFileReference; lastKnownFileType = file.xib; path = AthkarCustomCell.xib; sourceTree = "<group>"; };
		5A7DDF5A27670771005B9059 /* GoogleService-Info.plist */ = {isa = PBXFileReference; fileEncoding = 4; lastKnownFileType = text.plist.xml; path = "GoogleService-Info.plist"; sourceTree = "<group>"; };
		5A7DDF6B27672BC6005B9059 /* UserSignUp.swift */ = {isa = PBXFileReference; lastKnownFileType = sourcecode.swift; path = UserSignUp.swift; sourceTree = "<group>"; };
		5A7DDF6D27672BEF005B9059 /* UserLogin.swift */ = {isa = PBXFileReference; lastKnownFileType = sourcecode.swift; path = UserLogin.swift; sourceTree = "<group>"; };
		5A7DDF6F2768C0C5005B9059 /* Sebha.swift */ = {isa = PBXFileReference; lastKnownFileType = sourcecode.swift; path = Sebha.swift; sourceTree = "<group>"; };
		5A874EB1276B32CE0094913E /* AthkaryVC.swift */ = {isa = PBXFileReference; lastKnownFileType = sourcecode.swift; path = AthkaryVC.swift; sourceTree = "<group>"; };
		5A9CCD3B276D11B5001989D6 /* NavigationLogin.swift */ = {isa = PBXFileReference; lastKnownFileType = sourcecode.swift; path = NavigationLogin.swift; sourceTree = "<group>"; };
		5A9CCD3F276DFFDD001989D6 /* TabBar.swift */ = {isa = PBXFileReference; lastKnownFileType = sourcecode.swift; path = TabBar.swift; sourceTree = "<group>"; };
		5A9CCD43276F1A1C001989D6 /* AddAthkar.swift */ = {isa = PBXFileReference; lastKnownFileType = sourcecode.swift; path = AddAthkar.swift; sourceTree = "<group>"; };
		5A9CCD45276F1BC9001989D6 /* AthkarOfTheUser.swift */ = {isa = PBXFileReference; lastKnownFileType = sourcecode.swift; path = AthkarOfTheUser.swift; sourceTree = "<group>"; };
		5A9CCD67276F4459001989D6 /* AthkarOfTheUserCell.swift */ = {isa = PBXFileReference; lastKnownFileType = sourcecode.swift; path = AthkarOfTheUserCell.swift; sourceTree = "<group>"; };
		5A9CCD68276F4459001989D6 /* AthkarOfTheUserCell.xib */ = {isa = PBXFileReference; lastKnownFileType = file.xib; path = AthkarOfTheUserCell.xib; sourceTree = "<group>"; };
		5A9CCD6B27707B4A001989D6 /* quran.swift */ = {isa = PBXFileReference; lastKnownFileType = sourcecode.swift; path = quran.swift; sourceTree = "<group>"; };
		5ACB04D82776076A00333C0F /* AthkarCollectionPage.swift */ = {isa = PBXFileReference; lastKnownFileType = sourcecode.swift; path = AthkarCollectionPage.swift; sourceTree = "<group>"; };
		5ACB04D92776076A00333C0F /* AthkarCollectionPage.xib */ = {isa = PBXFileReference; lastKnownFileType = file.xib; path = AthkarCollectionPage.xib; sourceTree = "<group>"; };
		5ACB04DC2776106B00333C0F /* AthkarCollectionVC.swift */ = {isa = PBXFileReference; lastKnownFileType = sourcecode.swift; path = AthkarCollectionVC.swift; sourceTree = "<group>"; };
		5ACB04DE27778F4800333C0F /* FirstPage.swift */ = {isa = PBXFileReference; lastKnownFileType = sourcecode.swift; path = FirstPage.swift; sourceTree = "<group>"; };
		76CF9233D362D3611B94E0CC /* Pods-FinalProject.release.xcconfig */ = {isa = PBXFileReference; includeInIndex = 1; lastKnownFileType = text.xcconfig; name = "Pods-FinalProject.release.xcconfig"; path = "Target Support Files/Pods-FinalProject/Pods-FinalProject.release.xcconfig"; sourceTree = "<group>"; };
/* End PBXFileReference section */

/* Begin PBXFrameworksBuildPhase section */
		5A7DDF0C27652E32005B9059 /* Frameworks */ = {
			isa = PBXFrameworksBuildPhase;
			buildActionMask = 2147483647;
			files = (
				5A7DDF6827670ECF005B9059 /* FirebaseDatabaseSwift-Beta in Frameworks */,
				5A7DDF6627670ECF005B9059 /* FirebaseDatabase in Frameworks */,
				5A7DDF6027670ECF005B9059 /* FirebaseAnalyticsSwift-Beta in Frameworks */,
				5A7DDF6427670ECF005B9059 /* FirebaseCrashlytics in Frameworks */,
				5A7DDF6227670ECF005B9059 /* FirebaseAuth in Frameworks */,
				5A7DDF5E27670ECF005B9059 /* FirebaseAnalytics in Frameworks */,
				5A7DDF6A27670ECF005B9059 /* FirebaseFirestore in Frameworks */,
				2A995D954268CD0177FBC9D1 /* Pods_FinalProject.framework in Frameworks */,
			);
			runOnlyForDeploymentPostprocessing = 0;
		};
/* End PBXFrameworksBuildPhase section */

/* Begin PBXGroup section */
		336A34B29D48C3520A18EDF2 /* Pods */ = {
			isa = PBXGroup;
			children = (
				22A450E12899B8524CD24256 /* Pods-FinalProject.debug.xcconfig */,
				76CF9233D362D3611B94E0CC /* Pods-FinalProject.release.xcconfig */,
			);
			path = Pods;
			sourceTree = "<group>";
		};
		5A3B8D13277B96E100F6D545 /* Model */ = {
			isa = PBXGroup;
			children = (
				5A3B8D14277B978000F6D545 /* Quran.swift */,
				5A3B8D1C277C5AB100F6D545 /* Athkar.swift */,
			);
			path = Model;
			sourceTree = "<group>";
		};
		5A7DDF0627652E32005B9059 = {
			isa = PBXGroup;
			children = (
				5A7DDF1127652E32005B9059 /* FinalProject */,
				5A7DDF1027652E32005B9059 /* Products */,
				336A34B29D48C3520A18EDF2 /* Pods */,
				EC281B1F7C03040C4EBCC1AB /* Frameworks */,
			);
			sourceTree = "<group>";
		};
		5A7DDF1027652E32005B9059 /* Products */ = {
			isa = PBXGroup;
			children = (
				5A7DDF0F27652E32005B9059 /* FinalProject.app */,
			);
			name = Products;
			sourceTree = "<group>";
		};
		5A7DDF1127652E32005B9059 /* FinalProject */ = {
			isa = PBXGroup;
			children = (
				5A3B8D11277B95F300F6D545 /* quran.json */,
				5A7DDF1227652E32005B9059 /* AppDelegate.swift */,
				5A7DDF1427652E32005B9059 /* SceneDelegate.swift */,
				5A3B8D13277B96E100F6D545 /* Model */,
				5A7DDF6D27672BEF005B9059 /* UserLogin.swift */,
				5A9CCD3B276D11B5001989D6 /* NavigationLogin.swift */,
				5A9CCD3F276DFFDD001989D6 /* TabBar.swift */,
				5A7DDF6F2768C0C5005B9059 /* Sebha.swift */,
				5A3B8D16277B985700F6D545 /* QuranVC.swift */,
				5A3B8D22277F7D4000F6D545 /* QuranPageVC.swift */,
				5A3B8D18277B989800F6D545 /* QuranCollectionCell.swift */,
				5A3B8D19277B989800F6D545 /* QuranCollectionCell.xib */,
				5A7DDF1627652E32005B9059 /* ViewController.swift */,
				5A7DDF6B27672BC6005B9059 /* UserSignUp.swift */,
				5ACB04DE27778F4800333C0F /* FirstPage.swift */,
				5A874EB1276B32CE0094913E /* AthkaryVC.swift */,
				5A9CCD6B27707B4A001989D6 /* quran.swift */,
				5A33465D2771FBF7002E29E1 /* AthkarVC.swift */,
				5A9CCD43276F1A1C001989D6 /* AddAthkar.swift */,
				5A7DDF2E27660FCB005B9059 /* AthkarTableVC.swift */,
				5A7DDF3027661000005B9059 /* AthkarCustomCell.swift */,
				5A9CCD45276F1BC9001989D6 /* AthkarOfTheUser.swift */,
				5A9CCD67276F4459001989D6 /* AthkarOfTheUserCell.swift */,
				5ACB04DC2776106B00333C0F /* AthkarCollectionVC.swift */,
				5ACB04D82776076A00333C0F /* AthkarCollectionPage.swift */,
				5A9CCD68276F4459001989D6 /* AthkarOfTheUserCell.xib */,
				5A7DDF3127661000005B9059 /* AthkarCustomCell.xib */,
				5ACB04D92776076A00333C0F /* AthkarCollectionPage.xib */,
				5A7DDF1827652E32005B9059 /* Main.storyboard */,
				5A7DDF1B27652E35005B9059 /* Assets.xcassets */,
				5A3B8D1E277F7B7B00F6D545 /* Quran.pdf */,
				5A7DDF1D27652E35005B9059 /* LaunchScreen.storyboard */,
				5A7DDF5A27670771005B9059 /* GoogleService-Info.plist */,
				5A7DDF2027652E35005B9059 /* Info.plist */,
			);
			path = FinalProject;
			sourceTree = "<group>";
		};
		EC281B1F7C03040C4EBCC1AB /* Frameworks */ = {
			isa = PBXGroup;
			children = (
				4A06F9C2ECCB951F9D9071DF /* Pods_FinalProject.framework */,
			);
			name = Frameworks;
			sourceTree = "<group>";
		};
/* End PBXGroup section */

/* Begin PBXNativeTarget section */
		5A7DDF0E27652E32005B9059 /* FinalProject */ = {
			isa = PBXNativeTarget;
			buildConfigurationList = 5A7DDF2327652E35005B9059 /* Build configuration list for PBXNativeTarget "FinalProject" */;
			buildPhases = (
				7F9CE3AD7C137627703104EB /* [CP] Check Pods Manifest.lock */,
				5A7DDF0B27652E32005B9059 /* Sources */,
				5A7DDF0C27652E32005B9059 /* Frameworks */,
				5A7DDF0D27652E32005B9059 /* Resources */,
				24632505DE4A3AF2E0F93CD3 /* [CP] Embed Pods Frameworks */,
			);
			buildRules = (
			);
			dependencies = (
			);
			name = FinalProject;
			packageProductDependencies = (
				5A7DDF5D27670ECF005B9059 /* FirebaseAnalytics */,
				5A7DDF5F27670ECF005B9059 /* FirebaseAnalyticsSwift-Beta */,
				5A7DDF6127670ECF005B9059 /* FirebaseAuth */,
				5A7DDF6327670ECF005B9059 /* FirebaseCrashlytics */,
				5A7DDF6527670ECF005B9059 /* FirebaseDatabase */,
				5A7DDF6727670ECF005B9059 /* FirebaseDatabaseSwift-Beta */,
				5A7DDF6927670ECF005B9059 /* FirebaseFirestore */,
			);
			productName = FinalProject;
			productReference = 5A7DDF0F27652E32005B9059 /* FinalProject.app */;
			productType = "com.apple.product-type.application";
		};
/* End PBXNativeTarget section */

/* Begin PBXProject section */
		5A7DDF0727652E32005B9059 /* Project object */ = {
			isa = PBXProject;
			attributes = {
				BuildIndependentTargetsInParallel = 1;
				LastSwiftUpdateCheck = 1310;
				LastUpgradeCheck = 1310;
				TargetAttributes = {
					5A7DDF0E27652E32005B9059 = {
						CreatedOnToolsVersion = 13.1;
					};
				};
			};
			buildConfigurationList = 5A7DDF0A27652E32005B9059 /* Build configuration list for PBXProject "FinalProject" */;
			compatibilityVersion = "Xcode 13.0";
			developmentRegion = en;
			hasScannedForEncodings = 0;
			knownRegions = (
				en,
				Base,
			);
			mainGroup = 5A7DDF0627652E32005B9059;
			packageReferences = (
				5A7DDF5C27670ECF005B9059 /* XCRemoteSwiftPackageReference "firebase-ios-sdk" */,
			);
			productRefGroup = 5A7DDF1027652E32005B9059 /* Products */;
			projectDirPath = "";
			projectRoot = "";
			targets = (
				5A7DDF0E27652E32005B9059 /* FinalProject */,
			);
		};
/* End PBXProject section */

/* Begin PBXResourcesBuildPhase section */
		5A7DDF0D27652E32005B9059 /* Resources */ = {
			isa = PBXResourcesBuildPhase;
			buildActionMask = 2147483647;
			files = (
				5A3B8D1B277B989800F6D545 /* QuranCollectionCell.xib in Resources */,
				5A9CCD6A276F4459001989D6 /* AthkarOfTheUserCell.xib in Resources */,
				5A3B8D1F277F7B7C00F6D545 /* Quran.pdf in Resources */,
				5A3B8D12277B95F300F6D545 /* quran.json in Resources */,
				5A7DDF1F27652E35005B9059 /* LaunchScreen.storyboard in Resources */,
				5A7DDF1C27652E35005B9059 /* Assets.xcassets in Resources */,
				5A7DDF5B27670771005B9059 /* GoogleService-Info.plist in Resources */,
				5A7DDF1A27652E32005B9059 /* Main.storyboard in Resources */,
				5ACB04DB2776076A00333C0F /* AthkarCollectionPage.xib in Resources */,
				5A7DDF3327661000005B9059 /* AthkarCustomCell.xib in Resources */,
			);
			runOnlyForDeploymentPostprocessing = 0;
		};
/* End PBXResourcesBuildPhase section */

/* Begin PBXShellScriptBuildPhase section */
		24632505DE4A3AF2E0F93CD3 /* [CP] Embed Pods Frameworks */ = {
			isa = PBXShellScriptBuildPhase;
			buildActionMask = 2147483647;
			files = (
			);
			inputFileListPaths = (
				"${PODS_ROOT}/Target Support Files/Pods-FinalProject/Pods-FinalProject-frameworks-${CONFIGURATION}-input-files.xcfilelist",
			);
			name = "[CP] Embed Pods Frameworks";
			outputFileListPaths = (
				"${PODS_ROOT}/Target Support Files/Pods-FinalProject/Pods-FinalProject-frameworks-${CONFIGURATION}-output-files.xcfilelist",
			);
			runOnlyForDeploymentPostprocessing = 0;
			shellPath = /bin/sh;
			shellScript = "\"${PODS_ROOT}/Target Support Files/Pods-FinalProject/Pods-FinalProject-frameworks.sh\"\n";
			showEnvVarsInLog = 0;
		};
		7F9CE3AD7C137627703104EB /* [CP] Check Pods Manifest.lock */ = {
			isa = PBXShellScriptBuildPhase;
			buildActionMask = 2147483647;
			files = (
			);
			inputFileListPaths = (
			);
			inputPaths = (
				"${PODS_PODFILE_DIR_PATH}/Podfile.lock",
				"${PODS_ROOT}/Manifest.lock",
			);
			name = "[CP] Check Pods Manifest.lock";
			outputFileListPaths = (
			);
			outputPaths = (
				"$(DERIVED_FILE_DIR)/Pods-FinalProject-checkManifestLockResult.txt",
			);
			runOnlyForDeploymentPostprocessing = 0;
			shellPath = /bin/sh;
			shellScript = "diff \"${PODS_PODFILE_DIR_PATH}/Podfile.lock\" \"${PODS_ROOT}/Manifest.lock\" > /dev/null\nif [ $? != 0 ] ; then\n    # print error to STDERR\n    echo \"error: The sandbox is not in sync with the Podfile.lock. Run 'pod install' or update your CocoaPods installation.\" >&2\n    exit 1\nfi\n# This output is used by Xcode 'outputs' to avoid re-running this script phase.\necho \"SUCCESS\" > \"${SCRIPT_OUTPUT_FILE_0}\"\n";
			showEnvVarsInLog = 0;
		};
/* End PBXShellScriptBuildPhase section */

/* Begin PBXSourcesBuildPhase section */
		5A7DDF0B27652E32005B9059 /* Sources */ = {
			isa = PBXSourcesBuildPhase;
			buildActionMask = 2147483647;
			files = (
				5A7DDF1727652E32005B9059 /* ViewController.swift in Sources */,
				5A7DDF702768C0C5005B9059 /* Sebha.swift in Sources */,
				5A3B8D1D277C5AB100F6D545 /* Athkar.swift in Sources */,
				5A7DDF1327652E32005B9059 /* AppDelegate.swift in Sources */,
				5A9CCD3C276D11B6001989D6 /* NavigationLogin.swift in Sources */,
				5A9CCD69276F4459001989D6 /* AthkarOfTheUserCell.swift in Sources */,
				5A33465E2771FBF7002E29E1 /* AthkarVC.swift in Sources */,
				5A7DDF2F27660FCB005B9059 /* AthkarTableVC.swift in Sources */,
				5A3B8D15277B978000F6D545 /* Quran.swift in Sources */,
				5A3B8D23277F7D4000F6D545 /* QuranPageVC.swift in Sources */,
				5A3B8D1A277B989800F6D545 /* QuranCollectionCell.swift in Sources */,
				5A874EB2276B32CE0094913E /* AthkaryVC.swift in Sources */,
				5A7DDF3227661000005B9059 /* AthkarCustomCell.swift in Sources */,
				5ACB04DA2776076A00333C0F /* AthkarCollectionPage.swift in Sources */,
				5A9CCD46276F1BC9001989D6 /* AthkarOfTheUser.swift in Sources */,
				5A3B8D17277B985700F6D545 /* QuranVC.swift in Sources */,
				5ACB04DF27778F4800333C0F /* FirstPage.swift in Sources */,
				5A7DDF6C27672BC6005B9059 /* UserSignUp.swift in Sources */,
				5A9CCD40276DFFDD001989D6 /* TabBar.swift in Sources */,
				5A9CCD44276F1A1D001989D6 /* AddAthkar.swift in Sources */,
				5ACB04DD2776106B00333C0F /* AthkarCollectionVC.swift in Sources */,
				5A9CCD6C27707B4A001989D6 /* quran.swift in Sources */,
				5A7DDF6E27672BEF005B9059 /* UserLogin.swift in Sources */,
				5A7DDF1527652E32005B9059 /* SceneDelegate.swift in Sources */,
			);
			runOnlyForDeploymentPostprocessing = 0;
		};
/* End PBXSourcesBuildPhase section */

/* Begin PBXVariantGroup section */
		5A7DDF1827652E32005B9059 /* Main.storyboard */ = {
			isa = PBXVariantGroup;
			children = (
				5A7DDF1927652E32005B9059 /* Base */,
			);
			name = Main.storyboard;
			sourceTree = "<group>";
		};
		5A7DDF1D27652E35005B9059 /* LaunchScreen.storyboard */ = {
			isa = PBXVariantGroup;
			children = (
				5A7DDF1E27652E35005B9059 /* Base */,
			);
			name = LaunchScreen.storyboard;
			sourceTree = "<group>";
		};
/* End PBXVariantGroup section */

/* Begin XCBuildConfiguration section */
		5A7DDF2127652E35005B9059 /* Debug */ = {
			isa = XCBuildConfiguration;
			buildSettings = {
				ALWAYS_SEARCH_USER_PATHS = NO;
				CLANG_ANALYZER_NONNULL = YES;
				CLANG_ANALYZER_NUMBER_OBJECT_CONVERSION = YES_AGGRESSIVE;
				CLANG_CXX_LANGUAGE_STANDARD = "gnu++17";
				CLANG_CXX_LIBRARY = "libc++";
				CLANG_ENABLE_MODULES = YES;
				CLANG_ENABLE_OBJC_ARC = YES;
				CLANG_ENABLE_OBJC_WEAK = YES;
				CLANG_WARN_BLOCK_CAPTURE_AUTORELEASING = YES;
				CLANG_WARN_BOOL_CONVERSION = YES;
				CLANG_WARN_COMMA = YES;
				CLANG_WARN_CONSTANT_CONVERSION = YES;
				CLANG_WARN_DEPRECATED_OBJC_IMPLEMENTATIONS = YES;
				CLANG_WARN_DIRECT_OBJC_ISA_USAGE = YES_ERROR;
				CLANG_WARN_DOCUMENTATION_COMMENTS = YES;
				CLANG_WARN_EMPTY_BODY = YES;
				CLANG_WARN_ENUM_CONVERSION = YES;
				CLANG_WARN_INFINITE_RECURSION = YES;
				CLANG_WARN_INT_CONVERSION = YES;
				CLANG_WARN_NON_LITERAL_NULL_CONVERSION = YES;
				CLANG_WARN_OBJC_IMPLICIT_RETAIN_SELF = YES;
				CLANG_WARN_OBJC_LITERAL_CONVERSION = YES;
				CLANG_WARN_OBJC_ROOT_CLASS = YES_ERROR;
				CLANG_WARN_QUOTED_INCLUDE_IN_FRAMEWORK_HEADER = YES;
				CLANG_WARN_RANGE_LOOP_ANALYSIS = YES;
				CLANG_WARN_STRICT_PROTOTYPES = YES;
				CLANG_WARN_SUSPICIOUS_MOVE = YES;
				CLANG_WARN_UNGUARDED_AVAILABILITY = YES_AGGRESSIVE;
				CLANG_WARN_UNREACHABLE_CODE = YES;
				CLANG_WARN__DUPLICATE_METHOD_MATCH = YES;
				COPY_PHASE_STRIP = NO;
				DEBUG_INFORMATION_FORMAT = dwarf;
				ENABLE_STRICT_OBJC_MSGSEND = YES;
				ENABLE_TESTABILITY = YES;
				GCC_C_LANGUAGE_STANDARD = gnu11;
				GCC_DYNAMIC_NO_PIC = NO;
				GCC_NO_COMMON_BLOCKS = YES;
				GCC_OPTIMIZATION_LEVEL = 0;
				GCC_PREPROCESSOR_DEFINITIONS = (
					"DEBUG=1",
					"$(inherited)",
				);
				GCC_WARN_64_TO_32_BIT_CONVERSION = YES;
				GCC_WARN_ABOUT_RETURN_TYPE = YES_ERROR;
				GCC_WARN_UNDECLARED_SELECTOR = YES;
				GCC_WARN_UNINITIALIZED_AUTOS = YES_AGGRESSIVE;
				GCC_WARN_UNUSED_FUNCTION = YES;
				GCC_WARN_UNUSED_VARIABLE = YES;
				IPHONEOS_DEPLOYMENT_TARGET = 15.0;
				MTL_ENABLE_DEBUG_INFO = INCLUDE_SOURCE;
				MTL_FAST_MATH = YES;
				ONLY_ACTIVE_ARCH = YES;
				SDKROOT = iphoneos;
				SWIFT_ACTIVE_COMPILATION_CONDITIONS = DEBUG;
				SWIFT_OPTIMIZATION_LEVEL = "-Onone";
			};
			name = Debug;
		};
		5A7DDF2227652E35005B9059 /* Release */ = {
			isa = XCBuildConfiguration;
			buildSettings = {
				ALWAYS_SEARCH_USER_PATHS = NO;
				CLANG_ANALYZER_NONNULL = YES;
				CLANG_ANALYZER_NUMBER_OBJECT_CONVERSION = YES_AGGRESSIVE;
				CLANG_CXX_LANGUAGE_STANDARD = "gnu++17";
				CLANG_CXX_LIBRARY = "libc++";
				CLANG_ENABLE_MODULES = YES;
				CLANG_ENABLE_OBJC_ARC = YES;
				CLANG_ENABLE_OBJC_WEAK = YES;
				CLANG_WARN_BLOCK_CAPTURE_AUTORELEASING = YES;
				CLANG_WARN_BOOL_CONVERSION = YES;
				CLANG_WARN_COMMA = YES;
				CLANG_WARN_CONSTANT_CONVERSION = YES;
				CLANG_WARN_DEPRECATED_OBJC_IMPLEMENTATIONS = YES;
				CLANG_WARN_DIRECT_OBJC_ISA_USAGE = YES_ERROR;
				CLANG_WARN_DOCUMENTATION_COMMENTS = YES;
				CLANG_WARN_EMPTY_BODY = YES;
				CLANG_WARN_ENUM_CONVERSION = YES;
				CLANG_WARN_INFINITE_RECURSION = YES;
				CLANG_WARN_INT_CONVERSION = YES;
				CLANG_WARN_NON_LITERAL_NULL_CONVERSION = YES;
				CLANG_WARN_OBJC_IMPLICIT_RETAIN_SELF = YES;
				CLANG_WARN_OBJC_LITERAL_CONVERSION = YES;
				CLANG_WARN_OBJC_ROOT_CLASS = YES_ERROR;
				CLANG_WARN_QUOTED_INCLUDE_IN_FRAMEWORK_HEADER = YES;
				CLANG_WARN_RANGE_LOOP_ANALYSIS = YES;
				CLANG_WARN_STRICT_PROTOTYPES = YES;
				CLANG_WARN_SUSPICIOUS_MOVE = YES;
				CLANG_WARN_UNGUARDED_AVAILABILITY = YES_AGGRESSIVE;
				CLANG_WARN_UNREACHABLE_CODE = YES;
				CLANG_WARN__DUPLICATE_METHOD_MATCH = YES;
				COPY_PHASE_STRIP = NO;
				DEBUG_INFORMATION_FORMAT = "dwarf-with-dsym";
				ENABLE_NS_ASSERTIONS = NO;
				ENABLE_STRICT_OBJC_MSGSEND = YES;
				GCC_C_LANGUAGE_STANDARD = gnu11;
				GCC_NO_COMMON_BLOCKS = YES;
				GCC_WARN_64_TO_32_BIT_CONVERSION = YES;
				GCC_WARN_ABOUT_RETURN_TYPE = YES_ERROR;
				GCC_WARN_UNDECLARED_SELECTOR = YES;
				GCC_WARN_UNINITIALIZED_AUTOS = YES_AGGRESSIVE;
				GCC_WARN_UNUSED_FUNCTION = YES;
				GCC_WARN_UNUSED_VARIABLE = YES;
				IPHONEOS_DEPLOYMENT_TARGET = 15.0;
				MTL_ENABLE_DEBUG_INFO = NO;
				MTL_FAST_MATH = YES;
				SDKROOT = iphoneos;
				SWIFT_COMPILATION_MODE = wholemodule;
				SWIFT_OPTIMIZATION_LEVEL = "-O";
				VALIDATE_PRODUCT = YES;
			};
			name = Release;
		};
		5A7DDF2427652E35005B9059 /* Debug */ = {
			isa = XCBuildConfiguration;
			baseConfigurationReference = 22A450E12899B8524CD24256 /* Pods-FinalProject.debug.xcconfig */;
			buildSettings = {
				ASSETCATALOG_COMPILER_APPICON_NAME = AppIcon;
				ASSETCATALOG_COMPILER_GLOBAL_ACCENT_COLOR_NAME = AccentColor;
				CODE_SIGN_STYLE = Automatic;
				CURRENT_PROJECT_VERSION = 1;
				DEVELOPMENT_TEAM = TS4PZ2XB23;
				GENERATE_INFOPLIST_FILE = YES;
				INFOPLIST_FILE = FinalProject/Info.plist;
				INFOPLIST_KEY_UIApplicationSupportsIndirectInputEvents = YES;
				INFOPLIST_KEY_UILaunchStoryboardName = LaunchScreen;
				INFOPLIST_KEY_UIMainStoryboardFile = Main;
				INFOPLIST_KEY_UISupportedInterfaceOrientations_iPad = "UIInterfaceOrientationPortrait UIInterfaceOrientationPortraitUpsideDown UIInterfaceOrientationLandscapeLeft UIInterfaceOrientationLandscapeRight";
				INFOPLIST_KEY_UISupportedInterfaceOrientations_iPhone = "UIInterfaceOrientationPortrait UIInterfaceOrientationLandscapeLeft UIInterfaceOrientationLandscapeRight";
				LD_RUNPATH_SEARCH_PATHS = (
					"$(inherited)",
					"@executable_path/Frameworks",
				);
				MARKETING_VERSION = 1.0;
				PRODUCT_BUNDLE_IDENTIFIER = Mohammad.Alsharif.FinalProject;
				PRODUCT_NAME = "$(TARGET_NAME)";
				SWIFT_EMIT_LOC_STRINGS = YES;
				SWIFT_VERSION = 5.0;
				TARGETED_DEVICE_FAMILY = "1,2";
			};
			name = Debug;
		};
		5A7DDF2527652E35005B9059 /* Release */ = {
			isa = XCBuildConfiguration;
			baseConfigurationReference = 76CF9233D362D3611B94E0CC /* Pods-FinalProject.release.xcconfig */;
			buildSettings = {
				ASSETCATALOG_COMPILER_APPICON_NAME = AppIcon;
				ASSETCATALOG_COMPILER_GLOBAL_ACCENT_COLOR_NAME = AccentColor;
				CODE_SIGN_STYLE = Automatic;
				CURRENT_PROJECT_VERSION = 1;
				DEVELOPMENT_TEAM = TS4PZ2XB23;
				GENERATE_INFOPLIST_FILE = YES;
				INFOPLIST_FILE = FinalProject/Info.plist;
				INFOPLIST_KEY_UIApplicationSupportsIndirectInputEvents = YES;
				INFOPLIST_KEY_UILaunchStoryboardName = LaunchScreen;
				INFOPLIST_KEY_UIMainStoryboardFile = Main;
				INFOPLIST_KEY_UISupportedInterfaceOrientations_iPad = "UIInterfaceOrientationPortrait UIInterfaceOrientationPortraitUpsideDown UIInterfaceOrientationLandscapeLeft UIInterfaceOrientationLandscapeRight";
				INFOPLIST_KEY_UISupportedInterfaceOrientations_iPhone = "UIInterfaceOrientationPortrait UIInterfaceOrientationLandscapeLeft UIInterfaceOrientationLandscapeRight";
				LD_RUNPATH_SEARCH_PATHS = (
					"$(inherited)",
					"@executable_path/Frameworks",
				);
				MARKETING_VERSION = 1.0;
				PRODUCT_BUNDLE_IDENTIFIER = Mohammad.Alsharif.FinalProject;
				PRODUCT_NAME = "$(TARGET_NAME)";
				SWIFT_EMIT_LOC_STRINGS = YES;
				SWIFT_VERSION = 5.0;
				TARGETED_DEVICE_FAMILY = "1,2";
			};
			name = Release;
		};
/* End XCBuildConfiguration section */

/* Begin XCConfigurationList section */
		5A7DDF0A27652E32005B9059 /* Build configuration list for PBXProject "FinalProject" */ = {
			isa = XCConfigurationList;
			buildConfigurations = (
				5A7DDF2127652E35005B9059 /* Debug */,
				5A7DDF2227652E35005B9059 /* Release */,
			);
			defaultConfigurationIsVisible = 0;
			defaultConfigurationName = Release;
		};
		5A7DDF2327652E35005B9059 /* Build configuration list for PBXNativeTarget "FinalProject" */ = {
			isa = XCConfigurationList;
			buildConfigurations = (
				5A7DDF2427652E35005B9059 /* Debug */,
				5A7DDF2527652E35005B9059 /* Release */,
			);
			defaultConfigurationIsVisible = 0;
			defaultConfigurationName = Release;
		};
/* End XCConfigurationList section */

/* Begin XCRemoteSwiftPackageReference section */
		5A7DDF5C27670ECF005B9059 /* XCRemoteSwiftPackageReference "firebase-ios-sdk" */ = {
			isa = XCRemoteSwiftPackageReference;
			repositoryURL = "https://github.com/firebase/firebase-ios-sdk";
			requirement = {
				branch = master;
				kind = branch;
			};
		};
/* End XCRemoteSwiftPackageReference section */

/* Begin XCSwiftPackageProductDependency section */
		5A7DDF5D27670ECF005B9059 /* FirebaseAnalytics */ = {
			isa = XCSwiftPackageProductDependency;
			package = 5A7DDF5C27670ECF005B9059 /* XCRemoteSwiftPackageReference "firebase-ios-sdk" */;
			productName = FirebaseAnalytics;
		};
		5A7DDF5F27670ECF005B9059 /* FirebaseAnalyticsSwift-Beta */ = {
			isa = XCSwiftPackageProductDependency;
			package = 5A7DDF5C27670ECF005B9059 /* XCRemoteSwiftPackageReference "firebase-ios-sdk" */;
			productName = "FirebaseAnalyticsSwift-Beta";
		};
		5A7DDF6127670ECF005B9059 /* FirebaseAuth */ = {
			isa = XCSwiftPackageProductDependency;
			package = 5A7DDF5C27670ECF005B9059 /* XCRemoteSwiftPackageReference "firebase-ios-sdk" */;
			productName = FirebaseAuth;
		};
		5A7DDF6327670ECF005B9059 /* FirebaseCrashlytics */ = {
			isa = XCSwiftPackageProductDependency;
			package = 5A7DDF5C27670ECF005B9059 /* XCRemoteSwiftPackageReference "firebase-ios-sdk" */;
			productName = FirebaseCrashlytics;
		};
		5A7DDF6527670ECF005B9059 /* FirebaseDatabase */ = {
			isa = XCSwiftPackageProductDependency;
			package = 5A7DDF5C27670ECF005B9059 /* XCRemoteSwiftPackageReference "firebase-ios-sdk" */;
			productName = FirebaseDatabase;
		};
		5A7DDF6727670ECF005B9059 /* FirebaseDatabaseSwift-Beta */ = {
			isa = XCSwiftPackageProductDependency;
			package = 5A7DDF5C27670ECF005B9059 /* XCRemoteSwiftPackageReference "firebase-ios-sdk" */;
			productName = "FirebaseDatabaseSwift-Beta";
		};
		5A7DDF6927670ECF005B9059 /* FirebaseFirestore */ = {
			isa = XCSwiftPackageProductDependency;
			package = 5A7DDF5C27670ECF005B9059 /* XCRemoteSwiftPackageReference "firebase-ios-sdk" */;
			productName = FirebaseFirestore;
		};
/* End XCSwiftPackageProductDependency section */
	};
	rootObject = 5A7DDF0727652E32005B9059 /* Project object */;
}
