// !$*UTF8*$!
{
	archiveVersion = 1;
	classes = {
	};
	objectVersion = 55;
	objects = {

/* Begin PBXBuildFile section */
		2A995D954268CD0177FBC9D1 /* Pods_FinalProject.framework in Frameworks */ = {isa = PBXBuildFile; fileRef = 4A06F9C2ECCB951F9D9071DF /* Pods_FinalProject.framework */; };
		5A3B8D1D277C5AB100F6D545 /* Athkar.swift in Sources */ = {isa = PBXBuildFile; fileRef = 5A3B8D1C277C5AB100F6D545 /* Athkar.swift */; };
		5A7DDF1327652E32005B9059 /* AppDelegate.swift in Sources */ = {isa = PBXBuildFile; fileRef = 5A7DDF1227652E32005B9059 /* AppDelegate.swift */; };
		5A7DDF1527652E32005B9059 /* SceneDelegate.swift in Sources */ = {isa = PBXBuildFile; fileRef = 5A7DDF1427652E32005B9059 /* SceneDelegate.swift */; };
		5A7DDF1A27652E32005B9059 /* Main.storyboard in Resources */ = {isa = PBXBuildFile; fileRef = 5A7DDF1827652E32005B9059 /* Main.storyboard */; };
		5A7DDF1C27652E35005B9059 /* Assets.xcassets in Resources */ = {isa = PBXBuildFile; fileRef = 5A7DDF1B27652E35005B9059 /* Assets.xcassets */; };
		5A7DDF1F27652E35005B9059 /* LaunchScreen.storyboard in Resources */ = {isa = PBXBuildFile; fileRef = 5A7DDF1D27652E35005B9059 /* LaunchScreen.storyboard */; };
		5A7DDF5B27670771005B9059 /* GoogleService-Info.plist in Resources */ = {isa = PBXBuildFile; fileRef = 5A7DDF5A27670771005B9059 /* GoogleService-Info.plist */; };
		5AB4157C279EAD9D006A81AA /* AthkarCustomCell.swift in Sources */ = {isa = PBXBuildFile; fileRef = 5AB41574279EAD9D006A81AA /* AthkarCustomCell.swift */; };
		5AB4157D279EAD9D006A81AA /* AthkarCustomCell.xib in Resources */ = {isa = PBXBuildFile; fileRef = 5AB41575279EAD9D006A81AA /* AthkarCustomCell.xib */; };
		5AB4157E279EAD9D006A81AA /* AthkarCollectionPage.swift in Sources */ = {isa = PBXBuildFile; fileRef = 5AB41576279EAD9D006A81AA /* AthkarCollectionPage.swift */; };
		5AB4157F279EAD9D006A81AA /* QuranCollectionCell.swift in Sources */ = {isa = PBXBuildFile; fileRef = 5AB41577279EAD9D006A81AA /* QuranCollectionCell.swift */; };
		5AB41580279EAD9D006A81AA /* AthkarOfTheUserCell.xib in Resources */ = {isa = PBXBuildFile; fileRef = 5AB41578279EAD9D006A81AA /* AthkarOfTheUserCell.xib */; };
		5AB41581279EAD9D006A81AA /* AthkarOfTheUserCell.swift in Sources */ = {isa = PBXBuildFile; fileRef = 5AB41579279EAD9D006A81AA /* AthkarOfTheUserCell.swift */; };
		5AB41582279EAD9D006A81AA /* AthkarCollectionPage.xib in Resources */ = {isa = PBXBuildFile; fileRef = 5AB4157A279EAD9D006A81AA /* AthkarCollectionPage.xib */; };
		5AB41583279EAD9D006A81AA /* QuranCollectionCell.xib in Resources */ = {isa = PBXBuildFile; fileRef = 5AB4157B279EAD9D006A81AA /* QuranCollectionCell.xib */; };
		5AB415C9279EADFA006A81AA /* AddAthkar.swift in Sources */ = {isa = PBXBuildFile; fileRef = 5AB415B1279EADF9006A81AA /* AddAthkar.swift */; };
		5AB415CA279EADFA006A81AA /* quran.swift in Sources */ = {isa = PBXBuildFile; fileRef = 5AB415B2279EADF9006A81AA /* quran.swift */; };
		5AB415CB279EADFA006A81AA /* AthkarVC.swift in Sources */ = {isa = PBXBuildFile; fileRef = 5AB415B3279EADFA006A81AA /* AthkarVC.swift */; };
		5AB415CC279EADFA006A81AA /* AthkarCollectionVC.swift in Sources */ = {isa = PBXBuildFile; fileRef = 5AB415B4279EADFA006A81AA /* AthkarCollectionVC.swift */; };
		5AB415CD279EADFA006A81AA /* CLLocation+Extension.swift in Sources */ = {isa = PBXBuildFile; fileRef = 5AB415B6279EADFA006A81AA /* CLLocation+Extension.swift */; };
		5AB415CE279EADFA006A81AA /* UserDefauts+Extensions.swift in Sources */ = {isa = PBXBuildFile; fileRef = 5AB415B7279EADFA006A81AA /* UserDefauts+Extensions.swift */; };
		5AB415CF279EADFA006A81AA /* LocationDelegate.swift in Sources */ = {isa = PBXBuildFile; fileRef = 5AB415B8279EADFA006A81AA /* LocationDelegate.swift */; };
		5AB415D0279EADFA006A81AA /* CompassViewController.swift in Sources */ = {isa = PBXBuildFile; fileRef = 5AB415B9279EADFA006A81AA /* CompassViewController.swift */; };
		5AB415D1279EADFA006A81AA /* QuranVC.swift in Sources */ = {isa = PBXBuildFile; fileRef = 5AB415BA279EADFA006A81AA /* QuranVC.swift */; };
		5AB415D2279EADFA006A81AA /* UpdateVC.swift in Sources */ = {isa = PBXBuildFile; fileRef = 5AB415BB279EADFA006A81AA /* UpdateVC.swift */; };
		5AB415D3279EADFA006A81AA /* NavigationLogin.swift in Sources */ = {isa = PBXBuildFile; fileRef = 5AB415BD279EADFA006A81AA /* NavigationLogin.swift */; };
		5AB415D4279EADFA006A81AA /* UserSignUp.swift in Sources */ = {isa = PBXBuildFile; fileRef = 5AB415BE279EADFA006A81AA /* UserSignUp.swift */; };
		5AB415D5279EADFA006A81AA /* UserLogin.swift in Sources */ = {isa = PBXBuildFile; fileRef = 5AB415BF279EADFA006A81AA /* UserLogin.swift */; };
		5AB415D6279EADFA006A81AA /* TabBar.swift in Sources */ = {isa = PBXBuildFile; fileRef = 5AB415C1279EADFA006A81AA /* TabBar.swift */; };
		5AB415D7279EADFA006A81AA /* AthkarOfTheUser.swift in Sources */ = {isa = PBXBuildFile; fileRef = 5AB415C2279EADFA006A81AA /* AthkarOfTheUser.swift */; };
		5AB415D8279EADFA006A81AA /* SettingsVC.swift in Sources */ = {isa = PBXBuildFile; fileRef = 5AB415C3279EADFA006A81AA /* SettingsVC.swift */; };
		5AB415D9279EADFA006A81AA /* QuranPageVC.swift in Sources */ = {isa = PBXBuildFile; fileRef = 5AB415C4279EADFA006A81AA /* QuranPageVC.swift */; };
		5AB415DA279EADFA006A81AA /* AthkarTableVC.swift in Sources */ = {isa = PBXBuildFile; fileRef = 5AB415C5279EADFA006A81AA /* AthkarTableVC.swift */; };
		5AB415DB279EADFA006A81AA /* Sebha.swift in Sources */ = {isa = PBXBuildFile; fileRef = 5AB415C6279EADFA006A81AA /* Sebha.swift */; };
		5AB415DC279EADFA006A81AA /* SebhaCounter.swift in Sources */ = {isa = PBXBuildFile; fileRef = 5AB415C7279EADFA006A81AA /* SebhaCounter.swift */; };
		5AB415DD279EADFA006A81AA /* ViewController.swift in Sources */ = {isa = PBXBuildFile; fileRef = 5AB415C8279EADFA006A81AA /* ViewController.swift */; };
		5AB415DF279EAE25006A81AA /* Quran.pdf in Resources */ = {isa = PBXBuildFile; fileRef = 5AB415DE279EAE25006A81AA /* Quran.pdf */; };
/* End PBXBuildFile section */

/* Begin PBXFileReference section */
		22A450E12899B8524CD24256 /* Pods-FinalProject.debug.xcconfig */ = {isa = PBXFileReference; includeInIndex = 1; lastKnownFileType = text.xcconfig; name = "Pods-FinalProject.debug.xcconfig"; path = "Target Support Files/Pods-FinalProject/Pods-FinalProject.debug.xcconfig"; sourceTree = "<group>"; };
		4A06F9C2ECCB951F9D9071DF /* Pods_FinalProject.framework */ = {isa = PBXFileReference; explicitFileType = wrapper.framework; includeInIndex = 0; path = Pods_FinalProject.framework; sourceTree = BUILT_PRODUCTS_DIR; };
		5A3B8D1C277C5AB100F6D545 /* Athkar.swift */ = {isa = PBXFileReference; lastKnownFileType = sourcecode.swift; path = Athkar.swift; sourceTree = "<group>"; };
		5A7DDF0F27652E32005B9059 /* FinalProject.app */ = {isa = PBXFileReference; explicitFileType = wrapper.application; includeInIndex = 0; path = FinalProject.app; sourceTree = BUILT_PRODUCTS_DIR; };
		5A7DDF1227652E32005B9059 /* AppDelegate.swift */ = {isa = PBXFileReference; lastKnownFileType = sourcecode.swift; path = AppDelegate.swift; sourceTree = "<group>"; };
		5A7DDF1427652E32005B9059 /* SceneDelegate.swift */ = {isa = PBXFileReference; lastKnownFileType = sourcecode.swift; path = SceneDelegate.swift; sourceTree = "<group>"; };
		5A7DDF1927652E32005B9059 /* Base */ = {isa = PBXFileReference; lastKnownFileType = file.storyboard; name = Base; path = Base.lproj/Main.storyboard; sourceTree = "<group>"; };
		5A7DDF1B27652E35005B9059 /* Assets.xcassets */ = {isa = PBXFileReference; lastKnownFileType = folder.assetcatalog; path = Assets.xcassets; sourceTree = "<group>"; };
		5A7DDF1E27652E35005B9059 /* Base */ = {isa = PBXFileReference; lastKnownFileType = file.storyboard; name = Base; path = Base.lproj/LaunchScreen.storyboard; sourceTree = "<group>"; };
		5A7DDF2027652E35005B9059 /* Info.plist */ = {isa = PBXFileReference; lastKnownFileType = text.plist.xml; path = Info.plist; sourceTree = "<group>"; };
		5A7DDF5A27670771005B9059 /* GoogleService-Info.plist */ = {isa = PBXFileReference; fileEncoding = 4; lastKnownFileType = text.plist.xml; path = "GoogleService-Info.plist"; sourceTree = "<group>"; };
		5AB41574279EAD9D006A81AA /* AthkarCustomCell.swift */ = {isa = PBXFileReference; fileEncoding = 4; lastKnownFileType = sourcecode.swift; path = AthkarCustomCell.swift; sourceTree = "<group>"; };
		5AB41575279EAD9D006A81AA /* AthkarCustomCell.xib */ = {isa = PBXFileReference; fileEncoding = 4; lastKnownFileType = file.xib; path = AthkarCustomCell.xib; sourceTree = "<group>"; };
		5AB41576279EAD9D006A81AA /* AthkarCollectionPage.swift */ = {isa = PBXFileReference; fileEncoding = 4; lastKnownFileType = sourcecode.swift; path = AthkarCollectionPage.swift; sourceTree = "<group>"; };
		5AB41577279EAD9D006A81AA /* QuranCollectionCell.swift */ = {isa = PBXFileReference; fileEncoding = 4; lastKnownFileType = sourcecode.swift; path = QuranCollectionCell.swift; sourceTree = "<group>"; };
		5AB41578279EAD9D006A81AA /* AthkarOfTheUserCell.xib */ = {isa = PBXFileReference; fileEncoding = 4; lastKnownFileType = file.xib; path = AthkarOfTheUserCell.xib; sourceTree = "<group>"; };
		5AB41579279EAD9D006A81AA /* AthkarOfTheUserCell.swift */ = {isa = PBXFileReference; fileEncoding = 4; lastKnownFileType = sourcecode.swift; path = AthkarOfTheUserCell.swift; sourceTree = "<group>"; };
		5AB4157A279EAD9D006A81AA /* AthkarCollectionPage.xib */ = {isa = PBXFileReference; fileEncoding = 4; lastKnownFileType = file.xib; path = AthkarCollectionPage.xib; sourceTree = "<group>"; };
		5AB4157B279EAD9D006A81AA /* QuranCollectionCell.xib */ = {isa = PBXFileReference; fileEncoding = 4; lastKnownFileType = file.xib; path = QuranCollectionCell.xib; sourceTree = "<group>"; };
		5AB415B1279EADF9006A81AA /* AddAthkar.swift */ = {isa = PBXFileReference; fileEncoding = 4; lastKnownFileType = sourcecode.swift; path = AddAthkar.swift; sourceTree = "<group>"; };
		5AB415B2279EADF9006A81AA /* quran.swift */ = {isa = PBXFileReference; fileEncoding = 4; lastKnownFileType = sourcecode.swift; path = quran.swift; sourceTree = "<group>"; };
		5AB415B3279EADFA006A81AA /* AthkarVC.swift */ = {isa = PBXFileReference; fileEncoding = 4; lastKnownFileType = sourcecode.swift; path = AthkarVC.swift; sourceTree = "<group>"; };
		5AB415B4279EADFA006A81AA /* AthkarCollectionVC.swift */ = {isa = PBXFileReference; fileEncoding = 4; lastKnownFileType = sourcecode.swift; path = AthkarCollectionVC.swift; sourceTree = "<group>"; };
		5AB415B6279EADFA006A81AA /* CLLocation+Extension.swift */ = {isa = PBXFileReference; fileEncoding = 4; lastKnownFileType = sourcecode.swift; path = "CLLocation+Extension.swift"; sourceTree = "<group>"; };
		5AB415B7279EADFA006A81AA /* UserDefauts+Extensions.swift */ = {isa = PBXFileReference; fileEncoding = 4; lastKnownFileType = sourcecode.swift; path = "UserDefauts+Extensions.swift"; sourceTree = "<group>"; };
		5AB415B8279EADFA006A81AA /* LocationDelegate.swift */ = {isa = PBXFileReference; fileEncoding = 4; lastKnownFileType = sourcecode.swift; path = LocationDelegate.swift; sourceTree = "<group>"; };
		5AB415B9279EADFA006A81AA /* CompassViewController.swift */ = {isa = PBXFileReference; fileEncoding = 4; lastKnownFileType = sourcecode.swift; path = CompassViewController.swift; sourceTree = "<group>"; };
		5AB415BA279EADFA006A81AA /* QuranVC.swift */ = {isa = PBXFileReference; fileEncoding = 4; lastKnownFileType = sourcecode.swift; path = QuranVC.swift; sourceTree = "<group>"; };
		5AB415BB279EADFA006A81AA /* UpdateVC.swift */ = {isa = PBXFileReference; fileEncoding = 4; lastKnownFileType = sourcecode.swift; path = UpdateVC.swift; sourceTree = "<group>"; };
		5AB415BD279EADFA006A81AA /* NavigationLogin.swift */ = {isa = PBXFileReference; fileEncoding = 4; lastKnownFileType = sourcecode.swift; path = NavigationLogin.swift; sourceTree = "<group>"; };
		5AB415BE279EADFA006A81AA /* UserSignUp.swift */ = {isa = PBXFileReference; fileEncoding = 4; lastKnownFileType = sourcecode.swift; path = UserSignUp.swift; sourceTree = "<group>"; };
		5AB415BF279EADFA006A81AA /* UserLogin.swift */ = {isa = PBXFileReference; fileEncoding = 4; lastKnownFileType = sourcecode.swift; path = UserLogin.swift; sourceTree = "<group>"; };
		5AB415C1279EADFA006A81AA /* TabBar.swift */ = {isa = PBXFileReference; fileEncoding = 4; lastKnownFileType = sourcecode.swift; path = TabBar.swift; sourceTree = "<group>"; };
		5AB415C2279EADFA006A81AA /* AthkarOfTheUser.swift */ = {isa = PBXFileReference; fileEncoding = 4; lastKnownFileType = sourcecode.swift; path = AthkarOfTheUser.swift; sourceTree = "<group>"; };
		5AB415C3279EADFA006A81AA /* SettingsVC.swift */ = {isa = PBXFileReference; fileEncoding = 4; lastKnownFileType = sourcecode.swift; path = SettingsVC.swift; sourceTree = "<group>"; };
		5AB415C4279EADFA006A81AA /* QuranPageVC.swift */ = {isa = PBXFileReference; fileEncoding = 4; lastKnownFileType = sourcecode.swift; path = QuranPageVC.swift; sourceTree = "<group>"; };
		5AB415C5279EADFA006A81AA /* AthkarTableVC.swift */ = {isa = PBXFileReference; fileEncoding = 4; lastKnownFileType = sourcecode.swift; path = AthkarTableVC.swift; sourceTree = "<group>"; };
		5AB415C6279EADFA006A81AA /* Sebha.swift */ = {isa = PBXFileReference; fileEncoding = 4; lastKnownFileType = sourcecode.swift; path = Sebha.swift; sourceTree = "<group>"; };
		5AB415C7279EADFA006A81AA /* SebhaCounter.swift */ = {isa = PBXFileReference; fileEncoding = 4; lastKnownFileType = sourcecode.swift; path = SebhaCounter.swift; sourceTree = "<group>"; };
		5AB415C8279EADFA006A81AA /* ViewController.swift */ = {isa = PBXFileReference; fileEncoding = 4; lastKnownFileType = sourcecode.swift; path = ViewController.swift; sourceTree = "<group>"; };
		5AB415DE279EAE25006A81AA /* Quran.pdf */ = {isa = PBXFileReference; lastKnownFileType = image.pdf; name = Quran.pdf; path = PDF/Quran.pdf; sourceTree = SOURCE_ROOT; };
		5AE0D8AE2799650600B66385 /* absl.framework */ = {isa = PBXFileReference; explicitFileType = wrapper.framework; path = absl.framework; sourceTree = BUILT_PRODUCTS_DIR; };
		5AE0D8B02799650A00B66385 /* openssl_grpc.framework */ = {isa = PBXFileReference; explicitFileType = wrapper.framework; path = openssl_grpc.framework; sourceTree = BUILT_PRODUCTS_DIR; };
		5AE0D8B22799650E00B66385 /* FirebaseAuth.framework */ = {isa = PBXFileReference; explicitFileType = wrapper.framework; path = FirebaseAuth.framework; sourceTree = BUILT_PRODUCTS_DIR; };
		5AE0D8B42799651200B66385 /* FirebaseCore.framework */ = {isa = PBXFileReference; explicitFileType = wrapper.framework; path = FirebaseCore.framework; sourceTree = BUILT_PRODUCTS_DIR; };
		5AE0D8B62799651500B66385 /* FirebaseCoreDiagnostics.framework */ = {isa = PBXFileReference; explicitFileType = wrapper.framework; path = FirebaseCoreDiagnostics.framework; sourceTree = BUILT_PRODUCTS_DIR; };
		5AE0D8B82799651900B66385 /* FirebaseFirestore.framework */ = {isa = PBXFileReference; explicitFileType = wrapper.framework; path = FirebaseFirestore.framework; sourceTree = BUILT_PRODUCTS_DIR; };
		5AE0D8BA2799651C00B66385 /* FirebaseInstallations.framework */ = {isa = PBXFileReference; explicitFileType = wrapper.framework; path = FirebaseInstallations.framework; sourceTree = BUILT_PRODUCTS_DIR; };
		5AE0D8BC2799651F00B66385 /* FirebaseStorage.framework */ = {isa = PBXFileReference; explicitFileType = wrapper.framework; path = FirebaseStorage.framework; sourceTree = BUILT_PRODUCTS_DIR; };
		5AE0D8BE2799652300B66385 /* grpcpp.framework */ = {isa = PBXFileReference; explicitFileType = wrapper.framework; path = grpcpp.framework; sourceTree = BUILT_PRODUCTS_DIR; };
		5AE0D8C02799652800B66385 /* GTMSessionFetcher.framework */ = {isa = PBXFileReference; explicitFileType = wrapper.framework; path = GTMSessionFetcher.framework; sourceTree = BUILT_PRODUCTS_DIR; };
		5AE0D8C22799652B00B66385 /* HGCircularSlider.framework */ = {isa = PBXFileReference; explicitFileType = wrapper.framework; path = HGCircularSlider.framework; sourceTree = BUILT_PRODUCTS_DIR; };
		5AE0D8C42799653400B66385 /* FBLPromises.framework */ = {isa = PBXFileReference; explicitFileType = wrapper.framework; path = FBLPromises.framework; sourceTree = BUILT_PRODUCTS_DIR; };
		76CF9233D362D3611B94E0CC /* Pods-FinalProject.release.xcconfig */ = {isa = PBXFileReference; includeInIndex = 1; lastKnownFileType = text.xcconfig; name = "Pods-FinalProject.release.xcconfig"; path = "Target Support Files/Pods-FinalProject/Pods-FinalProject.release.xcconfig"; sourceTree = "<group>"; };
/* End PBXFileReference section */

/* Begin PBXFrameworksBuildPhase section */
		5A7DDF0C27652E32005B9059 /* Frameworks */ = {
			isa = PBXFrameworksBuildPhase;
			buildActionMask = 2147483647;
			files = (
				2A995D954268CD0177FBC9D1 /* Pods_FinalProject.framework in Frameworks */,
			);
			runOnlyForDeploymentPostprocessing = 0;
		};
/* End PBXFrameworksBuildPhase section */

/* Begin PBXGroup section */
		336A34B29D48C3520A18EDF2 /* Pods */ = {
			isa = PBXGroup;
			children = (
				22A450E12899B8524CD24256 /* Pods-FinalProject.debug.xcconfig */,
				76CF9233D362D3611B94E0CC /* Pods-FinalProject.release.xcconfig */,
			);
			path = Pods;
			sourceTree = "<group>";
		};
		5A3B8D13277B96E100F6D545 /* Model */ = {
			isa = PBXGroup;
			children = (
				5A3B8D1C277C5AB100F6D545 /* Athkar.swift */,
			);
			path = Model;
			sourceTree = "<group>";
		};
		5A7DDF0627652E32005B9059 = {
			isa = PBXGroup;
			children = (
				5A7DDF1127652E32005B9059 /* FinalProject */,
				5A7DDF1027652E32005B9059 /* Products */,
				336A34B29D48C3520A18EDF2 /* Pods */,
				EC281B1F7C03040C4EBCC1AB /* Frameworks */,
			);
			sourceTree = "<group>";
		};
		5A7DDF1027652E32005B9059 /* Products */ = {
			isa = PBXGroup;
			children = (
				5A7DDF0F27652E32005B9059 /* FinalProject.app */,
			);
			name = Products;
			sourceTree = "<group>";
		};
		5A7DDF1127652E32005B9059 /* FinalProject */ = {
			isa = PBXGroup;
			children = (
				5A7DDF1227652E32005B9059 /* AppDelegate.swift */,
				5A7DDF1427652E32005B9059 /* SceneDelegate.swift */,
				5A3B8D13277B96E100F6D545 /* Model */,
				8E770BEC27989FC500351200 /* Controller */,
				8E770BED27989FF300351200 /* View */,
				5A7DDF1827652E32005B9059 /* Main.storyboard */,
				5AB415DE279EAE25006A81AA /* Quran.pdf */,
				5A7DDF1B27652E35005B9059 /* Assets.xcassets */,
				5A7DDF1D27652E35005B9059 /* LaunchScreen.storyboard */,
				5A7DDF5A27670771005B9059 /* GoogleService-Info.plist */,
				5A7DDF2027652E35005B9059 /* Info.plist */,
			);
			path = FinalProject;
			sourceTree = "<group>";
		};
		5AB415B5279EADFA006A81AA /* qibla */ = {
			isa = PBXGroup;
			children = (
				5AB415B6279EADFA006A81AA /* CLLocation+Extension.swift */,
				5AB415B7279EADFA006A81AA /* UserDefauts+Extensions.swift */,
				5AB415B8279EADFA006A81AA /* LocationDelegate.swift */,
				5AB415B9279EADFA006A81AA /* CompassViewController.swift */,
			);
			path = qibla;
			sourceTree = "<group>";
		};
		5AB415BC279EADFA006A81AA /* AuthUser */ = {
			isa = PBXGroup;
			children = (
				5AB415BD279EADFA006A81AA /* NavigationLogin.swift */,
				5AB415BE279EADFA006A81AA /* UserSignUp.swift */,
				5AB415BF279EADFA006A81AA /* UserLogin.swift */,
			);
			path = AuthUser;
			sourceTree = "<group>";
		};
		5AB415C0279EADFA006A81AA /* TabbarVC */ = {
			isa = PBXGroup;
			children = (
				5AB415C1279EADFA006A81AA /* TabBar.swift */,
				5AB415C2279EADFA006A81AA /* AthkarOfTheUser.swift */,
				5AB415C3279EADFA006A81AA /* SettingsVC.swift */,
				5AB415C4279EADFA006A81AA /* QuranPageVC.swift */,
				5AB415C5279EADFA006A81AA /* AthkarTableVC.swift */,
				5AB415C6279EADFA006A81AA /* Sebha.swift */,
			);
			path = TabbarVC;
			sourceTree = "<group>";
		};
		8E770BEC27989FC500351200 /* Controller */ = {
			isa = PBXGroup;
			children = (
				5AB415B1279EADF9006A81AA /* AddAthkar.swift */,
				5AB415B4279EADFA006A81AA /* AthkarCollectionVC.swift */,
				5AB415B3279EADFA006A81AA /* AthkarVC.swift */,
				5AB415BC279EADFA006A81AA /* AuthUser */,
				5AB415B5279EADFA006A81AA /* qibla */,
				5AB415B2279EADF9006A81AA /* quran.swift */,
				5AB415BA279EADFA006A81AA /* QuranVC.swift */,
				5AB415C7279EADFA006A81AA /* SebhaCounter.swift */,
				5AB415C0279EADFA006A81AA /* TabbarVC */,
				5AB415BB279EADFA006A81AA /* UpdateVC.swift */,
				5AB415C8279EADFA006A81AA /* ViewController.swift */,
			);
			path = Controller;
			sourceTree = "<group>";
		};
		8E770BED27989FF300351200 /* View */ = {
			isa = PBXGroup;
			children = (
				5AB41576279EAD9D006A81AA /* AthkarCollectionPage.swift */,
				5AB4157A279EAD9D006A81AA /* AthkarCollectionPage.xib */,
				5AB41574279EAD9D006A81AA /* AthkarCustomCell.swift */,
				5AB41575279EAD9D006A81AA /* AthkarCustomCell.xib */,
				5AB41579279EAD9D006A81AA /* AthkarOfTheUserCell.swift */,
				5AB41578279EAD9D006A81AA /* AthkarOfTheUserCell.xib */,
				5AB41577279EAD9D006A81AA /* QuranCollectionCell.swift */,
				5AB4157B279EAD9D006A81AA /* QuranCollectionCell.xib */,
			);
			path = View;
			sourceTree = "<group>";
		};
		EC281B1F7C03040C4EBCC1AB /* Frameworks */ = {
			isa = PBXGroup;
			children = (
				5AE0D8C42799653400B66385 /* FBLPromises.framework */,
				5AE0D8C22799652B00B66385 /* HGCircularSlider.framework */,
				5AE0D8C02799652800B66385 /* GTMSessionFetcher.framework */,
				5AE0D8BE2799652300B66385 /* grpcpp.framework */,
				5AE0D8BC2799651F00B66385 /* FirebaseStorage.framework */,
				5AE0D8BA2799651C00B66385 /* FirebaseInstallations.framework */,
				5AE0D8B82799651900B66385 /* FirebaseFirestore.framework */,
				5AE0D8B62799651500B66385 /* FirebaseCoreDiagnostics.framework */,
				5AE0D8B42799651200B66385 /* FirebaseCore.framework */,
				5AE0D8B22799650E00B66385 /* FirebaseAuth.framework */,
				5AE0D8B02799650A00B66385 /* openssl_grpc.framework */,
				5AE0D8AE2799650600B66385 /* absl.framework */,
				4A06F9C2ECCB951F9D9071DF /* Pods_FinalProject.framework */,
			);
			name = Frameworks;
			sourceTree = "<group>";
		};
/* End PBXGroup section */

/* Begin PBXNativeTarget section */
		5A7DDF0E27652E32005B9059 /* FinalProject */ = {
			isa = PBXNativeTarget;
			buildConfigurationList = 5A7DDF2327652E35005B9059 /* Build configuration list for PBXNativeTarget "FinalProject" */;
			buildPhases = (
				7F9CE3AD7C137627703104EB /* [CP] Check Pods Manifest.lock */,
				5A7DDF0B27652E32005B9059 /* Sources */,
				5A7DDF0C27652E32005B9059 /* Frameworks */,
				5A7DDF0D27652E32005B9059 /* Resources */,
				F7E4B0C9B24B39790538465F /* [CP] Copy Pods Resources */,
			);
			buildRules = (
			);
			dependencies = (
			);
			name = FinalProject;
			productName = FinalProject;
			productReference = 5A7DDF0F27652E32005B9059 /* FinalProject.app */;
			productType = "com.apple.product-type.application";
		};
/* End PBXNativeTarget section */

/* Begin PBXProject section */
		5A7DDF0727652E32005B9059 /* Project object */ = {
			isa = PBXProject;
			attributes = {
				BuildIndependentTargetsInParallel = 1;
				LastSwiftUpdateCheck = 1310;
				LastUpgradeCheck = 1310;
				TargetAttributes = {
					5A7DDF0E27652E32005B9059 = {
						CreatedOnToolsVersion = 13.1;
					};
				};
			};
			buildConfigurationList = 5A7DDF0A27652E32005B9059 /* Build configuration list for PBXProject "FinalProject" */;
			compatibilityVersion = "Xcode 13.0";
			developmentRegion = en;
			hasScannedForEncodings = 0;
			knownRegions = (
				en,
				Base,
			);
			mainGroup = 5A7DDF0627652E32005B9059;
			productRefGroup = 5A7DDF1027652E32005B9059 /* Products */;
			projectDirPath = "";
			projectRoot = "";
			targets = (
				5A7DDF0E27652E32005B9059 /* FinalProject */,
			);
		};
/* End PBXProject section */

/* Begin PBXResourcesBuildPhase section */
		5A7DDF0D27652E32005B9059 /* Resources */ = {
			isa = PBXResourcesBuildPhase;
			buildActionMask = 2147483647;
			files = (
				5A7DDF1F27652E35005B9059 /* LaunchScreen.storyboard in Resources */,
				5A7DDF1C27652E35005B9059 /* Assets.xcassets in Resources */,
				5AB4157D279EAD9D006A81AA /* AthkarCustomCell.xib in Resources */,
				5AB415DF279EAE25006A81AA /* Quran.pdf in Resources */,
				5AB41580279EAD9D006A81AA /* AthkarOfTheUserCell.xib in Resources */,
				5A7DDF5B27670771005B9059 /* GoogleService-Info.plist in Resources */,
				5A7DDF1A27652E32005B9059 /* Main.storyboard in Resources */,
				5AB41582279EAD9D006A81AA /* AthkarCollectionPage.xib in Resources */,
				5AB41583279EAD9D006A81AA /* QuranCollectionCell.xib in Resources */,
			);
			runOnlyForDeploymentPostprocessing = 0;
		};
/* End PBXResourcesBuildPhase section */

/* Begin PBXShellScriptBuildPhase section */
		7F9CE3AD7C137627703104EB /* [CP] Check Pods Manifest.lock */ = {
			isa = PBXShellScriptBuildPhase;
			buildActionMask = 2147483647;
			files = (
			);
			inputFileListPaths = (
			);
			inputPaths = (
				"${PODS_PODFILE_DIR_PATH}/Podfile.lock",
				"${PODS_ROOT}/Manifest.lock",
			);
			name = "[CP] Check Pods Manifest.lock";
			outputFileListPaths = (
			);
			outputPaths = (
				"$(DERIVED_FILE_DIR)/Pods-FinalProject-checkManifestLockResult.txt",
			);
			runOnlyForDeploymentPostprocessing = 0;
			shellPath = /bin/sh;
			shellScript = "diff \"${PODS_PODFILE_DIR_PATH}/Podfile.lock\" \"${PODS_ROOT}/Manifest.lock\" > /dev/null\nif [ $? != 0 ] ; then\n    # print error to STDERR\n    echo \"error: The sandbox is not in sync with the Podfile.lock. Run 'pod install' or update your CocoaPods installation.\" >&2\n    exit 1\nfi\n# This output is used by Xcode 'outputs' to avoid re-running this script phase.\necho \"SUCCESS\" > \"${SCRIPT_OUTPUT_FILE_0}\"\n";
			showEnvVarsInLog = 0;
		};
		F7E4B0C9B24B39790538465F /* [CP] Copy Pods Resources */ = {
			isa = PBXShellScriptBuildPhase;
			buildActionMask = 2147483647;
			files = (
			);
			inputFileListPaths = (
				"${PODS_ROOT}/Target Support Files/Pods-FinalProject/Pods-FinalProject-resources-${CONFIGURATION}-input-files.xcfilelist",
			);
			name = "[CP] Copy Pods Resources";
			outputFileListPaths = (
				"${PODS_ROOT}/Target Support Files/Pods-FinalProject/Pods-FinalProject-resources-${CONFIGURATION}-output-files.xcfilelist",
			);
			runOnlyForDeploymentPostprocessing = 0;
			shellPath = /bin/sh;
			shellScript = "\"${PODS_ROOT}/Target Support Files/Pods-FinalProject/Pods-FinalProject-resources.sh\"\n";
			showEnvVarsInLog = 0;
		};
/* End PBXShellScriptBuildPhase section */

/* Begin PBXSourcesBuildPhase section */
		5A7DDF0B27652E32005B9059 /* Sources */ = {
			isa = PBXSourcesBuildPhase;
			buildActionMask = 2147483647;
			files = (
				5AB415D0279EADFA006A81AA /* CompassViewController.swift in Sources */,
				5AB4157F279EAD9D006A81AA /* QuranCollectionCell.swift in Sources */,
				5AB415CD279EADFA006A81AA /* CLLocation+Extension.swift in Sources */,
				5A3B8D1D277C5AB100F6D545 /* Athkar.swift in Sources */,
				5A7DDF1327652E32005B9059 /* AppDelegate.swift in Sources */,
				5AB415CB279EADFA006A81AA /* AthkarVC.swift in Sources */,
				5AB415D6279EADFA006A81AA /* TabBar.swift in Sources */,
				5AB415D5279EADFA006A81AA /* UserLogin.swift in Sources */,
				5AB415CC279EADFA006A81AA /* AthkarCollectionVC.swift in Sources */,
				5AB415D9279EADFA006A81AA /* QuranPageVC.swift in Sources */,
				5AB415DC279EADFA006A81AA /* SebhaCounter.swift in Sources */,
				5AB415D2279EADFA006A81AA /* UpdateVC.swift in Sources */,
				5AB4157C279EAD9D006A81AA /* AthkarCustomCell.swift in Sources */,
				5AB415D1279EADFA006A81AA /* QuranVC.swift in Sources */,
				5AB415DA279EADFA006A81AA /* AthkarTableVC.swift in Sources */,
				5AB415CF279EADFA006A81AA /* LocationDelegate.swift in Sources */,
				5AB415D3279EADFA006A81AA /* NavigationLogin.swift in Sources */,
				5AB41581279EAD9D006A81AA /* AthkarOfTheUserCell.swift in Sources */,
				5AB415DD279EADFA006A81AA /* ViewController.swift in Sources */,
				5AB415DB279EADFA006A81AA /* Sebha.swift in Sources */,
				5AB415CA279EADFA006A81AA /* quran.swift in Sources */,
				5AB415D4279EADFA006A81AA /* UserSignUp.swift in Sources */,
				5AB4157E279EAD9D006A81AA /* AthkarCollectionPage.swift in Sources */,
				5AB415C9279EADFA006A81AA /* AddAthkar.swift in Sources */,
				5AB415CE279EADFA006A81AA /* UserDefauts+Extensions.swift in Sources */,
				5AB415D8279EADFA006A81AA /* SettingsVC.swift in Sources */,
				5AB415D7279EADFA006A81AA /* AthkarOfTheUser.swift in Sources */,
				5A7DDF1527652E32005B9059 /* SceneDelegate.swift in Sources */,
			);
			runOnlyForDeploymentPostprocessing = 0;
		};
/* End PBXSourcesBuildPhase section */

/* Begin PBXVariantGroup section */
		5A7DDF1827652E32005B9059 /* Main.storyboard */ = {
			isa = PBXVariantGroup;
			children = (
				5A7DDF1927652E32005B9059 /* Base */,
			);
			name = Main.storyboard;
			sourceTree = "<group>";
		};
		5A7DDF1D27652E35005B9059 /* LaunchScreen.storyboard */ = {
			isa = PBXVariantGroup;
			children = (
				5A7DDF1E27652E35005B9059 /* Base */,
			);
			name = LaunchScreen.storyboard;
			sourceTree = "<group>";
		};
/* End PBXVariantGroup section */

/* Begin XCBuildConfiguration section */
		5A7DDF2127652E35005B9059 /* Debug */ = {
			isa = XCBuildConfiguration;
			buildSettings = {
				ALWAYS_SEARCH_USER_PATHS = NO;
				CLANG_ANALYZER_NONNULL = YES;
				CLANG_ANALYZER_NUMBER_OBJECT_CONVERSION = YES_AGGRESSIVE;
				CLANG_CXX_LANGUAGE_STANDARD = "gnu++17";
				CLANG_CXX_LIBRARY = "libc++";
				CLANG_ENABLE_MODULES = YES;
				CLANG_ENABLE_OBJC_ARC = YES;
				CLANG_ENABLE_OBJC_WEAK = YES;
				CLANG_WARN_BLOCK_CAPTURE_AUTORELEASING = YES;
				CLANG_WARN_BOOL_CONVERSION = YES;
				CLANG_WARN_COMMA = YES;
				CLANG_WARN_CONSTANT_CONVERSION = YES;
				CLANG_WARN_DEPRECATED_OBJC_IMPLEMENTATIONS = YES;
				CLANG_WARN_DIRECT_OBJC_ISA_USAGE = YES_ERROR;
				CLANG_WARN_DOCUMENTATION_COMMENTS = YES;
				CLANG_WARN_EMPTY_BODY = YES;
				CLANG_WARN_ENUM_CONVERSION = YES;
				CLANG_WARN_INFINITE_RECURSION = YES;
				CLANG_WARN_INT_CONVERSION = YES;
				CLANG_WARN_NON_LITERAL_NULL_CONVERSION = YES;
				CLANG_WARN_OBJC_IMPLICIT_RETAIN_SELF = YES;
				CLANG_WARN_OBJC_LITERAL_CONVERSION = YES;
				CLANG_WARN_OBJC_ROOT_CLASS = YES_ERROR;
				CLANG_WARN_QUOTED_INCLUDE_IN_FRAMEWORK_HEADER = YES;
				CLANG_WARN_RANGE_LOOP_ANALYSIS = YES;
				CLANG_WARN_STRICT_PROTOTYPES = YES;
				CLANG_WARN_SUSPICIOUS_MOVE = YES;
				CLANG_WARN_UNGUARDED_AVAILABILITY = YES_AGGRESSIVE;
				CLANG_WARN_UNREACHABLE_CODE = YES;
				CLANG_WARN__DUPLICATE_METHOD_MATCH = YES;
				COPY_PHASE_STRIP = NO;
				DEBUG_INFORMATION_FORMAT = dwarf;
				ENABLE_STRICT_OBJC_MSGSEND = YES;
				ENABLE_TESTABILITY = YES;
				GCC_C_LANGUAGE_STANDARD = gnu11;
				GCC_DYNAMIC_NO_PIC = NO;
				GCC_NO_COMMON_BLOCKS = YES;
				GCC_OPTIMIZATION_LEVEL = 0;
				GCC_PREPROCESSOR_DEFINITIONS = (
					"DEBUG=1",
					"$(inherited)",
				);
				GCC_WARN_64_TO_32_BIT_CONVERSION = YES;
				GCC_WARN_ABOUT_RETURN_TYPE = YES_ERROR;
				GCC_WARN_UNDECLARED_SELECTOR = YES;
				GCC_WARN_UNINITIALIZED_AUTOS = YES_AGGRESSIVE;
				GCC_WARN_UNUSED_FUNCTION = YES;
				GCC_WARN_UNUSED_VARIABLE = YES;
				IPHONEOS_DEPLOYMENT_TARGET = 15.0;
				MTL_ENABLE_DEBUG_INFO = INCLUDE_SOURCE;
				MTL_FAST_MATH = YES;
				ONLY_ACTIVE_ARCH = YES;
				SDKROOT = iphoneos;
				SWIFT_ACTIVE_COMPILATION_CONDITIONS = DEBUG;
				SWIFT_OPTIMIZATION_LEVEL = "-Onone";
			};
			name = Debug;
		};
		5A7DDF2227652E35005B9059 /* Release */ = {
			isa = XCBuildConfiguration;
			buildSettings = {
				ALWAYS_SEARCH_USER_PATHS = NO;
				CLANG_ANALYZER_NONNULL = YES;
				CLANG_ANALYZER_NUMBER_OBJECT_CONVERSION = YES_AGGRESSIVE;
				CLANG_CXX_LANGUAGE_STANDARD = "gnu++17";
				CLANG_CXX_LIBRARY = "libc++";
				CLANG_ENABLE_MODULES = YES;
				CLANG_ENABLE_OBJC_ARC = YES;
				CLANG_ENABLE_OBJC_WEAK = YES;
				CLANG_WARN_BLOCK_CAPTURE_AUTORELEASING = YES;
				CLANG_WARN_BOOL_CONVERSION = YES;
				CLANG_WARN_COMMA = YES;
				CLANG_WARN_CONSTANT_CONVERSION = YES;
				CLANG_WARN_DEPRECATED_OBJC_IMPLEMENTATIONS = YES;
				CLANG_WARN_DIRECT_OBJC_ISA_USAGE = YES_ERROR;
				CLANG_WARN_DOCUMENTATION_COMMENTS = YES;
				CLANG_WARN_EMPTY_BODY = YES;
				CLANG_WARN_ENUM_CONVERSION = YES;
				CLANG_WARN_INFINITE_RECURSION = YES;
				CLANG_WARN_INT_CONVERSION = YES;
				CLANG_WARN_NON_LITERAL_NULL_CONVERSION = YES;
				CLANG_WARN_OBJC_IMPLICIT_RETAIN_SELF = YES;
				CLANG_WARN_OBJC_LITERAL_CONVERSION = YES;
				CLANG_WARN_OBJC_ROOT_CLASS = YES_ERROR;
				CLANG_WARN_QUOTED_INCLUDE_IN_FRAMEWORK_HEADER = YES;
				CLANG_WARN_RANGE_LOOP_ANALYSIS = YES;
				CLANG_WARN_STRICT_PROTOTYPES = YES;
				CLANG_WARN_SUSPICIOUS_MOVE = YES;
				CLANG_WARN_UNGUARDED_AVAILABILITY = YES_AGGRESSIVE;
				CLANG_WARN_UNREACHABLE_CODE = YES;
				CLANG_WARN__DUPLICATE_METHOD_MATCH = YES;
				COPY_PHASE_STRIP = NO;
				DEBUG_INFORMATION_FORMAT = "dwarf-with-dsym";
				ENABLE_NS_ASSERTIONS = NO;
				ENABLE_STRICT_OBJC_MSGSEND = YES;
				GCC_C_LANGUAGE_STANDARD = gnu11;
				GCC_NO_COMMON_BLOCKS = YES;
				GCC_WARN_64_TO_32_BIT_CONVERSION = YES;
				GCC_WARN_ABOUT_RETURN_TYPE = YES_ERROR;
				GCC_WARN_UNDECLARED_SELECTOR = YES;
				GCC_WARN_UNINITIALIZED_AUTOS = YES_AGGRESSIVE;
				GCC_WARN_UNUSED_FUNCTION = YES;
				GCC_WARN_UNUSED_VARIABLE = YES;
				IPHONEOS_DEPLOYMENT_TARGET = 15.0;
				MTL_ENABLE_DEBUG_INFO = NO;
				MTL_FAST_MATH = YES;
				SDKROOT = iphoneos;
				SWIFT_COMPILATION_MODE = wholemodule;
				SWIFT_OPTIMIZATION_LEVEL = "-O";
				VALIDATE_PRODUCT = YES;
			};
			name = Release;
		};
		5A7DDF2427652E35005B9059 /* Debug */ = {
			isa = XCBuildConfiguration;
			baseConfigurationReference = 22A450E12899B8524CD24256 /* Pods-FinalProject.debug.xcconfig */;
			buildSettings = {
				ASSETCATALOG_COMPILER_APPICON_NAME = AppIcon;
				ASSETCATALOG_COMPILER_GLOBAL_ACCENT_COLOR_NAME = AccentColor;
				CODE_SIGN_STYLE = Automatic;
				CURRENT_PROJECT_VERSION = 1;
				DEVELOPMENT_TEAM = TS4PZ2XB23;
				GENERATE_INFOPLIST_FILE = YES;
				INFOPLIST_FILE = FinalProject/Info.plist;
				INFOPLIST_KEY_CFBundleDisplayName = "الباقيات";
				INFOPLIST_KEY_UIApplicationSupportsIndirectInputEvents = YES;
				INFOPLIST_KEY_UILaunchStoryboardName = LaunchScreen;
				INFOPLIST_KEY_UIMainStoryboardFile = Main;
				INFOPLIST_KEY_UISupportedInterfaceOrientations_iPad = "UIInterfaceOrientationPortrait UIInterfaceOrientationPortraitUpsideDown UIInterfaceOrientationLandscapeLeft UIInterfaceOrientationLandscapeRight";
				INFOPLIST_KEY_UISupportedInterfaceOrientations_iPhone = "UIInterfaceOrientationPortrait UIInterfaceOrientationLandscapeLeft UIInterfaceOrientationLandscapeRight";
				LD_RUNPATH_SEARCH_PATHS = (
					"$(inherited)",
					"@executable_path/Frameworks",
				);
				MARKETING_VERSION = 1.0;
				NEW_SETTING = "";
				PRODUCT_BUNDLE_IDENTIFIER = Mohammad.Alsharif.FinalProject;
				PRODUCT_NAME = "$(TARGET_NAME)";
				SWIFT_EMIT_LOC_STRINGS = YES;
				SWIFT_VERSION = 5.0;
				TARGETED_DEVICE_FAMILY = "1,2";
			};
			name = Debug;
		};
		5A7DDF2527652E35005B9059 /* Release */ = {
			isa = XCBuildConfiguration;
			baseConfigurationReference = 76CF9233D362D3611B94E0CC /* Pods-FinalProject.release.xcconfig */;
			buildSettings = {
				ASSETCATALOG_COMPILER_APPICON_NAME = AppIcon;
				ASSETCATALOG_COMPILER_GLOBAL_ACCENT_COLOR_NAME = AccentColor;
				CODE_SIGN_STYLE = Automatic;
				CURRENT_PROJECT_VERSION = 1;
				DEVELOPMENT_TEAM = TS4PZ2XB23;
				GENERATE_INFOPLIST_FILE = YES;
				INFOPLIST_FILE = FinalProject/Info.plist;
				INFOPLIST_KEY_CFBundleDisplayName = "الباقيات";
				INFOPLIST_KEY_UIApplicationSupportsIndirectInputEvents = YES;
				INFOPLIST_KEY_UILaunchStoryboardName = LaunchScreen;
				INFOPLIST_KEY_UIMainStoryboardFile = Main;
				INFOPLIST_KEY_UISupportedInterfaceOrientations_iPad = "UIInterfaceOrientationPortrait UIInterfaceOrientationPortraitUpsideDown UIInterfaceOrientationLandscapeLeft UIInterfaceOrientationLandscapeRight";
				INFOPLIST_KEY_UISupportedInterfaceOrientations_iPhone = "UIInterfaceOrientationPortrait UIInterfaceOrientationLandscapeLeft UIInterfaceOrientationLandscapeRight";
				LD_RUNPATH_SEARCH_PATHS = (
					"$(inherited)",
					"@executable_path/Frameworks",
				);
				MARKETING_VERSION = 1.0;
				NEW_SETTING = "";
				PRODUCT_BUNDLE_IDENTIFIER = Mohammad.Alsharif.FinalProject;
				PRODUCT_NAME = "$(TARGET_NAME)";
				SWIFT_EMIT_LOC_STRINGS = YES;
				SWIFT_VERSION = 5.0;
				TARGETED_DEVICE_FAMILY = "1,2";
			};
			name = Release;
		};
/* End XCBuildConfiguration section */

/* Begin XCConfigurationList section */
		5A7DDF0A27652E32005B9059 /* Build configuration list for PBXProject "FinalProject" */ = {
			isa = XCConfigurationList;
			buildConfigurations = (
				5A7DDF2127652E35005B9059 /* Debug */,
				5A7DDF2227652E35005B9059 /* Release */,
			);
			defaultConfigurationIsVisible = 0;
			defaultConfigurationName = Release;
		};
		5A7DDF2327652E35005B9059 /* Build configuration list for PBXNativeTarget "FinalProject" */ = {
			isa = XCConfigurationList;
			buildConfigurations = (
				5A7DDF2427652E35005B9059 /* Debug */,
				5A7DDF2527652E35005B9059 /* Release */,
			);
			defaultConfigurationIsVisible = 0;
			defaultConfigurationName = Release;
		};
/* End XCConfigurationList section */
	};
	rootObject = 5A7DDF0727652E32005B9059 /* Project object */;
}
